
Microsoft Visual Studio Solution File, Format Version 12.00
# Visual Studio Version 17
VisualStudioVersion = 17.5.002.0
MinimumVisualStudioVersion = 10.0.40219.1
Project("{2150E333-8FDC-42A3-9474-1A3956D46DE8}") = "Files", "Files", "{0B66A21E-B2F0-45B3-B381-A6F1CB482468}"
EndProject
Project("{9A19103F-16F7-4668-BE54-9A1E7A4F7556}") = "CreateFiles", "Files\CreateFiles\CreateFiles.csproj", "{37175F6C-EFB0-4EE6-B588-49765F2F2694}"
EndProject
Project("{9A19103F-16F7-4668-BE54-9A1E7A4F7556}") = "Directories", "Files\Directories\Directories.csproj", "{6766392B-B1C2-4E92-8FD7-4771468F6351}"
EndProject
Project("{9A19103F-16F7-4668-BE54-9A1E7A4F7556}") = "FileInfo", "Files\FileInfo\FileInfo.csproj", "{9120C6FD-515B-43CC-964A-C5220E614EAA}"
EndProject
Project("{9A19103F-16F7-4668-BE54-9A1E7A4F7556}") = "ReadWriteFiles", "Files\ReadWriteFiles\ReadWriteFiles.csproj", "{6F3E84EB-5899-4E1A-AC57-52C6BB123210}"
EndProject
Project("{2150E333-8FDC-42A3-9474-1A3956D46DE8}") = "NumbersDates", "NumbersDates", "{8C11DA9D-E4B9-4622-8CF9-7FE5166B56FA}"
EndProject
Project("{9A19103F-16F7-4668-BE54-9A1E7A4F7556}") = "DateTimeClass", "NumbersDates\DateTimeClass\DateTimeClass.csproj", "{3453647F-6204-4EC2-869B-F8DECC9E8AAA}"
EndProject
Project("{9A19103F-16F7-4668-BE54-9A1E7A4F7556}") = "FormatDates", "NumbersDates\FormatDates\FormatDates.csproj", "{5351E57A-9755-4CE9-BA89-9F3E5E73E1BF}"
EndProject
Project("{9A19103F-16F7-4668-BE54-9A1E7A4F7556}") = "FormatNumbers", "NumbersDates\FormatNumbers\FormatNumbers.csproj", "{2CAC0AAB-0528-45D9-AA28-A86B751F9F64}"
EndProject
Project("{9A19103F-16F7-4668-BE54-9A1E7A4F7556}") = "ParseDates", "NumbersDates\ParseDates\ParseDates.csproj", "{53116E3E-34D3-4809-B921-A755E59B8FFF}"
EndProject
Project("{9A19103F-16F7-4668-BE54-9A1E7A4F7556}") = "ParseNumbers", "NumbersDates\ParseNumbers\ParseNumbers.csproj", "{82491232-71B2-46C3-9D96-9162096C40B2}"
EndProject
Project("{2150E333-8FDC-42A3-9474-1A3956D46DE8}") = "Overview", "Overview", "{9C94F90F-186A-4E5B-A66A-D2517C3E71E8}"
EndProject
Project("{9A19103F-16F7-4668-BE54-9A1E7A4F7556}") = "DataTypes", "Overview\DataTypes\DataTypes.csproj", "{51F49070-6EBA-448F-81EC-328D2ABC47B0}"
EndProject
Project("{9A19103F-16F7-4668-BE54-9A1E7A4F7556}") = "GarbageCollect", "Overview\GarbageCollect\GarbageCollect.csproj", "{78829BB5-D5AB-4C4C-9084-6BE5FDA065D5}"
EndProject
Project("{9A19103F-16F7-4668-BE54-9A1E7A4F7556}") = "MyConsoleApp", "Overview\MyConsoleApp\MyConsoleApp.csproj", "{3235CD88-5878-4435-96E2-1F32CC0B604E}"
EndProject
Project("{2150E333-8FDC-42A3-9474-1A3956D46DE8}") = "Regex", "Regex", "{8A15E7E9-0459-4DF1-B98F-E8A950E5B4DF}"
EndProject
Project("{9A19103F-16F7-4668-BE54-9A1E7A4F7556}") = "Finding", "Regex\Finding\Finding.csproj", "{14EBB2A2-C7C1-47B9-AABF-592F4DF8EC93}"
EndProject
Project("{9A19103F-16F7-4668-BE54-9A1E7A4F7556}") = "Replacing", "Regex\Replacing\Replacing.csproj", "{A1581A65-48F7-42BB-9682-6A01CA477651}"
EndProject
Project("{9A19103F-16F7-4668-BE54-9A1E7A4F7556}") = "RegexTimeouts", "Regex\Timeouts\RegexTimeouts.csproj", "{84BB7004-35AD-467C-AC3A-9CCFE8A8B18B}"
EndProject
Project("{2150E333-8FDC-42A3-9474-1A3956D46DE8}") = "Strings", "Strings", "{27A0E578-939B-4AEE-BA67-A097F2B4ABCC}"
EndProject
Project("{9A19103F-16F7-4668-BE54-9A1E7A4F7556}") = "Formatting", "Strings\Formatting\Formatting.csproj", "{20477F19-1A0B-4CEA-9056-27CD16E6AE43}"
EndProject
Project("{9A19103F-16F7-4668-BE54-9A1E7A4F7556}") = "Interpolation", "Strings\Interpolation\Interpolation.csproj", "{EAE4BFD1-C126-4E90-91C4-B527DE5C8F61}"
EndProject
Project("{9A19103F-16F7-4668-BE54-9A1E7A4F7556}") = "Manipulation", "Strings\Manipulation\Manipulation.csproj", "{DB097DF7-EE89-47CA-9A44-9F237BD7A925}"
EndProject
Project("{9A19103F-16F7-4668-BE54-9A1E7A4F7556}") = "Searching", "Strings\Searching\Searching.csproj", "{7734F056-1D01-4C06-A977-2D04F37D3A32}"
EndProject
Global
	GlobalSection(SolutionConfigurationPlatforms) = preSolution
		Debug|Any CPU = Debug|Any CPU
		Release|Any CPU = Release|Any CPU
	EndGlobalSection
	GlobalSection(ProjectConfigurationPlatforms) = postSolution
		{37175F6C-EFB0-4EE6-B588-49765F2F2694}.Debug|Any CPU.ActiveCfg = Debug|Any CPU
		{37175F6C-EFB0-4EE6-B588-49765F2F2694}.Debug|Any CPU.Build.0 = Debug|Any CPU
		{37175F6C-EFB0-4EE6-B588-49765F2F2694}.Release|Any CPU.ActiveCfg = Release|Any CPU
		{37175F6C-EFB0-4EE6-B588-49765F2F2694}.Release|Any CPU.Build.0 = Release|Any CPU
		{6766392B-B1C2-4E92-8FD7-4771468F6351}.Debug|Any CPU.ActiveCfg = Debug|Any CPU
		{6766392B-B1C2-4E92-8FD7-4771468F6351}.Debug|Any CPU.Build.0 = Debug|Any CPU
		{6766392B-B1C2-4E92-8FD7-4771468F6351}.Release|Any CPU.ActiveCfg = Release|Any CPU
		{6766392B-B1C2-4E92-8FD7-4771468F6351}.Release|Any CPU.Build.0 = Release|Any CPU
		{9120C6FD-515B-43CC-964A-C5220E614EAA}.Debug|Any CPU.ActiveCfg = Debug|Any CPU
		{9120C6FD-515B-43CC-964A-C5220E614EAA}.Debug|Any CPU.Build.0 = Debug|Any CPU
		{9120C6FD-515B-43CC-964A-C5220E614EAA}.Release|Any CPU.ActiveCfg = Release|Any CPU
		{9120C6FD-515B-43CC-964A-C5220E614EAA}.Release|Any CPU.Build.0 = Release|Any CPU
		{6F3E84EB-5899-4E1A-AC57-52C6BB123210}.Debug|Any CPU.ActiveCfg = Debug|Any CPU
		{6F3E84EB-5899-4E1A-AC57-52C6BB123210}.Debug|Any CPU.Build.0 = Debug|Any CPU
		{6F3E84EB-5899-4E1A-AC57-52C6BB123210}.Release|Any CPU.ActiveCfg = Release|Any CPU
		{6F3E84EB-5899-4E1A-AC57-52C6BB123210}.Release|Any CPU.Build.0 = Release|Any CPU
		{3453647F-6204-4EC2-869B-F8DECC9E8AAA}.Debug|Any CPU.ActiveCfg = Debug|Any CPU
		{3453647F-6204-4EC2-869B-F8DECC9E8AAA}.Debug|Any CPU.Build.0 = Debug|Any CPU
		{3453647F-6204-4EC2-869B-F8DECC9E8AAA}.Release|Any CPU.ActiveCfg = Release|Any CPU
		{3453647F-6204-4EC2-869B-F8DECC9E8AAA}.Release|Any CPU.Build.0 = Release|Any CPU
		{5351E57A-9755-4CE9-BA89-9F3E5E73E1BF}.Debug|Any CPU.ActiveCfg = Debug|Any CPU
		{5351E57A-9755-4CE9-BA89-9F3E5E73E1BF}.Debug|Any CPU.Build.0 = Debug|Any CPU
		{5351E57A-9755-4CE9-BA89-9F3E5E73E1BF}.Release|Any CPU.ActiveCfg = Release|Any CPU
		{5351E57A-9755-4CE9-BA89-9F3E5E73E1BF}.Release|Any CPU.Build.0 = Release|Any CPU
		{2CAC0AAB-0528-45D9-AA28-A86B751F9F64}.Debug|Any CPU.ActiveCfg = Debug|Any CPU
		{2CAC0AAB-0528-45D9-AA28-A86B751F9F64}.Debug|Any CPU.Build.0 = Debug|Any CPU
		{2CAC0AAB-0528-45D9-AA28-A86B751F9F64}.Release|Any CPU.ActiveCfg = Release|Any CPU
		{2CAC0AAB-0528-45D9-AA28-A86B751F9F64}.Release|Any CPU.Build.0 = Release|Any CPU
		{53116E3E-34D3-4809-B921-A755E59B8FFF}.Debug|Any CPU.ActiveCfg = Debug|Any CPU
		{53116E3E-34D3-4809-B921-A755E59B8FFF}.Debug|Any CPU.Build.0 = Debug|Any CPU
		{53116E3E-34D3-4809-B921-A755E59B8FFF}.Release|Any CPU.ActiveCfg = Release|Any CPU
		{53116E3E-34D3-4809-B921-A755E59B8FFF}.Release|Any CPU.Build.0 = Release|Any CPU
		{82491232-71B2-46C3-9D96-9162096C40B2}.Debug|Any CPU.ActiveCfg = Debug|Any CPU
		{82491232-71B2-46C3-9D96-9162096C40B2}.Debug|Any CPU.Build.0 = Debug|Any CPU
		{82491232-71B2-46C3-9D96-9162096C40B2}.Release|Any CPU.ActiveCfg = Release|Any CPU
		{82491232-71B2-46C3-9D96-9162096C40B2}.Release|Any CPU.Build.0 = Release|Any CPU
		{51F49070-6EBA-448F-81EC-328D2ABC47B0}.Debug|Any CPU.ActiveCfg = Debug|Any CPU
		{51F49070-6EBA-448F-81EC-328D2ABC47B0}.Debug|Any CPU.Build.0 = Debug|Any CPU
		{51F49070-6EBA-448F-81EC-328D2ABC47B0}.Release|Any CPU.ActiveCfg = Release|Any CPU
		{51F49070-6EBA-448F-81EC-328D2ABC47B0}.Release|Any CPU.Build.0 = Release|Any CPU
		{78829BB5-D5AB-4C4C-9084-6BE5FDA065D5}.Debug|Any CPU.ActiveCfg = Debug|Any CPU
		{78829BB5-D5AB-4C4C-9084-6BE5FDA065D5}.Debug|Any CPU.Build.0 = Debug|Any CPU
		{78829BB5-D5AB-4C4C-9084-6BE5FDA065D5}.Release|Any CPU.ActiveCfg = Release|Any CPU
		{78829BB5-D5AB-4C4C-9084-6BE5FDA065D5}.Release|Any CPU.Build.0 = Release|Any CPU
		{3235CD88-5878-4435-96E2-1F32CC0B604E}.Debug|Any CPU.ActiveCfg = Debug|Any CPU
		{3235CD88-5878-4435-96E2-1F32CC0B604E}.Debug|Any CPU.Build.0 = Debug|Any CPU
		{3235CD88-5878-4435-96E2-1F32CC0B604E}.Release|Any CPU.ActiveCfg = Release|Any CPU
		{3235CD88-5878-4435-96E2-1F32CC0B604E}.Release|Any CPU.Build.0 = Release|Any CPU
		{14EBB2A2-C7C1-47B9-AABF-592F4DF8EC93}.Debug|Any CPU.ActiveCfg = Debug|Any CPU
		{14EBB2A2-C7C1-47B9-AABF-592F4DF8EC93}.Debug|Any CPU.Build.0 = Debug|Any CPU
		{14EBB2A2-C7C1-47B9-AABF-592F4DF8EC93}.Release|Any CPU.ActiveCfg = Release|Any CPU
		{14EBB2A2-C7C1-47B9-AABF-592F4DF8EC93}.Release|Any CPU.Build.0 = Release|Any CPU
		{A1581A65-48F7-42BB-9682-6A01CA477651}.Debug|Any CPU.ActiveCfg = Debug|Any CPU
		{A1581A65-48F7-42BB-9682-6A01CA477651}.Debug|Any CPU.Build.0 = Debug|Any CPU
		{A1581A65-48F7-42BB-9682-6A01CA477651}.Release|Any CPU.ActiveCfg = Release|Any CPU
		{A1581A65-48F7-42BB-9682-6A01CA477651}.Release|Any CPU.Build.0 = Release|Any CPU
		{84BB7004-35AD-467C-AC3A-9CCFE8A8B18B}.Debug|Any CPU.ActiveCfg = Debug|Any CPU
		{84BB7004-35AD-467C-AC3A-9CCFE8A8B18B}.Debug|Any CPU.Build.0 = Debug|Any CPU
		{84BB7004-35AD-467C-AC3A-9CCFE8A8B18B}.Release|Any CPU.ActiveCfg = Release|Any CPU
		{84BB7004-35AD-467C-AC3A-9CCFE8A8B18B}.Release|Any CPU.Build.0 = Release|Any CPU
		{20477F19-1A0B-4CEA-9056-27CD16E6AE43}.Debug|Any CPU.ActiveCfg = Debug|Any CPU
		{20477F19-1A0B-4CEA-9056-27CD16E6AE43}.Debug|Any CPU.Build.0 = Debug|Any CPU
		{20477F19-1A0B-4CEA-9056-27CD16E6AE43}.Release|Any CPU.ActiveCfg = Release|Any CPU
		{20477F19-1A0B-4CEA-9056-27CD16E6AE43}.Release|Any CPU.Build.0 = Release|Any CPU
		{EAE4BFD1-C126-4E90-91C4-B527DE5C8F61}.Debug|Any CPU.ActiveCfg = Debug|Any CPU
		{EAE4BFD1-C126-4E90-91C4-B527DE5C8F61}.Debug|Any CPU.Build.0 = Debug|Any CPU
		{EAE4BFD1-C126-4E90-91C4-B527DE5C8F61}.Release|Any CPU.ActiveCfg = Release|Any CPU
		{EAE4BFD1-C126-4E90-91C4-B527DE5C8F61}.Release|Any CPU.Build.0 = Release|Any CPU
		{DB097DF7-EE89-47CA-9A44-9F237BD7A925}.Debug|Any CPU.ActiveCfg = Debug|Any CPU
		{DB097DF7-EE89-47CA-9A44-9F237BD7A925}.Debug|Any CPU.Build.0 = Debug|Any CPU
		{DB097DF7-EE89-47CA-9A44-9F237BD7A925}.Release|Any CPU.ActiveCfg = Release|Any CPU
		{DB097DF7-EE89-47CA-9A44-9F237BD7A925}.Release|Any CPU.Build.0 = Release|Any CPU
		{7734F056-1D01-4C06-A977-2D04F37D3A32}.Debug|Any CPU.ActiveCfg = Debug|Any CPU
		{7734F056-1D01-4C06-A977-2D04F37D3A32}.Debug|Any CPU.Build.0 = Debug|Any CPU
		{7734F056-1D01-4C06-A977-2D04F37D3A32}.Release|Any CPU.ActiveCfg = Release|Any CPU
		{7734F056-1D01-4C06-A977-2D04F37D3A32}.Release|Any CPU.Build.0 = Release|Any CPU
	EndGlobalSection
	GlobalSection(SolutionProperties) = preSolution
		HideSolutionNode = FALSE
	EndGlobalSection
	GlobalSection(NestedProjects) = preSolution
		{37175F6C-EFB0-4EE6-B588-49765F2F2694} = {0B66A21E-B2F0-45B3-B381-A6F1CB482468}
		{6766392B-B1C2-4E92-8FD7-4771468F6351} = {0B66A21E-B2F0-45B3-B381-A6F1CB482468}
		{9120C6FD-515B-43CC-964A-C5220E614EAA} = {0B66A21E-B2F0-45B3-B381-A6F1CB482468}
		{6F3E84EB-5899-4E1A-AC57-52C6BB123210} = {0B66A21E-B2F0-45B3-B381-A6F1CB482468}
		{3453647F-6204-4EC2-869B-F8DECC9E8AAA} = {8C11DA9D-E4B9-4622-8CF9-7FE5166B56FA}
		{5351E57A-9755-4CE9-BA89-9F3E5E73E1BF} = {8C11DA9D-E4B9-4622-8CF9-7FE5166B56FA}
		{2CAC0AAB-0528-45D9-AA28-A86B751F9F64} = {8C11DA9D-E4B9-4622-8CF9-7FE5166B56FA}
		{53116E3E-34D3-4809-B921-A755E59B8FFF} = {8C11DA9D-E4B9-4622-8CF9-7FE5166B56FA}
		{82491232-71B2-46C3-9D96-9162096C40B2} = {8C11DA9D-E4B9-4622-8CF9-7FE5166B56FA}
		{51F49070-6EBA-448F-81EC-328D2ABC47B0} = {9C94F90F-186A-4E5B-A66A-D2517C3E71E8}
		{78829BB5-D5AB-4C4C-9084-6BE5FDA065D5} = {9C94F90F-186A-4E5B-A66A-D2517C3E71E8}
		{3235CD88-5878-4435-96E2-1F32CC0B604E} = {9C94F90F-186A-4E5B-A66A-D2517C3E71E8}
		{14EBB2A2-C7C1-47B9-AABF-592F4DF8EC93} = {8A15E7E9-0459-4DF1-B98F-E8A950E5B4DF}
		{A1581A65-48F7-42BB-9682-6A01CA477651} = {8A15E7E9-0459-4DF1-B98F-E8A950E5B4DF}
		{84BB7004-35AD-467C-AC3A-9CCFE8A8B18B} = {8A15E7E9-0459-4DF1-B98F-E8A950E5B4DF}
		{20477F19-1A0B-4CEA-9056-27CD16E6AE43} = {27A0E578-939B-4AEE-BA67-A097F2B4ABCC}
		{EAE4BFD1-C126-4E90-91C4-B527DE5C8F61} = {27A0E578-939B-4AEE-BA67-A097F2B4ABCC}
		{DB097DF7-EE89-47CA-9A44-9F237BD7A925} = {27A0E578-939B-4AEE-BA67-A097F2B4ABCC}
		{7734F056-1D01-4C06-A977-2D04F37D3A32} = {27A0E578-939B-4AEE-BA67-A097F2B4ABCC}
	EndGlobalSection
	GlobalSection(ExtensibilityGlobals) = postSolution
		SolutionGuid = {D4817AAB-8DC9-41F1-93B3-4C3F2E095998}
	EndGlobalSection
EndGlobal
